
Microsoft Visual Studio Solution File, Format Version 12.00
# Visual Studio Version 17
VisualStudioVersion = 17.11.35222.181
MinimumVisualStudioVersion = 10.0.40219.1
Project("{9A19103F-16F7-4668-BE54-9A1E7A4F7556}") = "FUNewsRazorPages", "FUNewsRazorPages\FUNewsRazorPages.csproj", "{93DA5EB4-8B22-4345-851C-FD7DC774FE2B}"
EndProject
Project("{9A19103F-16F7-4668-BE54-9A1E7A4F7556}") = "FuNews.BLL", "FuNews.BLL\FuNews.BLL.csproj", "{BF7A57AC-F21A-41F8-AA4C-E766C2807C7E}"
EndProject
Project("{9A19103F-16F7-4668-BE54-9A1E7A4F7556}") = "FuNews.Modals", "FuNews.Modals\FuNews.Modals.csproj", "{FD6AAE49-DF33-44E0-B266-0C350AB904C2}"
EndProject
Project("{9A19103F-16F7-4668-BE54-9A1E7A4F7556}") = "FuNews.DAL", "FuNews.DAL\FuNews.DAL.csproj", "{FF422D02-7EA0-4373-ABFD-6EFED411D64F}"
EndProject
Global
	GlobalSection(SolutionConfigurationPlatforms) = preSolution
		Debug|Any CPU = Debug|Any CPU
		Release|Any CPU = Release|Any CPU
	EndGlobalSection
	GlobalSection(ProjectConfigurationPlatforms) = postSolution
		{93DA5EB4-8B22-4345-851C-FD7DC774FE2B}.Debug|Any CPU.ActiveCfg = Debug|Any CPU
		{93DA5EB4-8B22-4345-851C-FD7DC774FE2B}.Debug|Any CPU.Build.0 = Debug|Any CPU
		{93DA5EB4-8B22-4345-851C-FD7DC774FE2B}.Release|Any CPU.ActiveCfg = Release|Any CPU
		{93DA5EB4-8B22-4345-851C-FD7DC774FE2B}.Release|Any CPU.Build.0 = Release|Any CPU
		{BF7A57AC-F21A-41F8-AA4C-E766C2807C7E}.Debug|Any CPU.ActiveCfg = Debug|Any CPU
		{BF7A57AC-F21A-41F8-AA4C-E766C2807C7E}.Debug|Any CPU.Build.0 = Debug|Any CPU
		{BF7A57AC-F21A-41F8-AA4C-E766C2807C7E}.Release|Any CPU.ActiveCfg = Release|Any CPU
		{BF7A57AC-F21A-41F8-AA4C-E766C2807C7E}.Release|Any CPU.Build.0 = Release|Any CPU
		{FD6AAE49-DF33-44E0-B266-0C350AB904C2}.Debug|Any CPU.ActiveCfg = Debug|Any CPU
		{FD6AAE49-DF33-44E0-B266-0C350AB904C2}.Debug|Any CPU.Build.0 = Debug|Any CPU
		{FD6AAE49-DF33-44E0-B266-0C350AB904C2}.Release|Any CPU.ActiveCfg = Release|Any CPU
		{FD6AAE49-DF33-44E0-B266-0C350AB904C2}.Release|Any CPU.Build.0 = Release|Any CPU
		{FF422D02-7EA0-4373-ABFD-6EFED411D64F}.Debug|Any CPU.ActiveCfg = Debug|Any CPU
		{FF422D02-7EA0-4373-ABFD-6EFED411D64F}.Debug|Any CPU.Build.0 = Debug|Any CPU
		{FF422D02-7EA0-4373-ABFD-6EFED411D64F}.Release|Any CPU.ActiveCfg = Release|Any CPU
		{FF422D02-7EA0-4373-ABFD-6EFED411D64F}.Release|Any CPU.Build.0 = Release|Any CPU
	EndGlobalSection
	GlobalSection(SolutionProperties) = preSolution
		HideSolutionNode = FALSE
	EndGlobalSection
	GlobalSection(ExtensibilityGlobals) = postSolution
		SolutionGuid = {EE36EAD6-20A7-4AA6-9754-0C79D0B564D0}
	EndGlobalSection
EndGlobal
